
Microsoft Visual Studio Solution File, Format Version 12.00
Project("{FAE04EC0-301F-11D3-BF4B-00C04F79EFBC}") = "Transport", "Transport\Transport.csproj", "{0E6CA086-54CE-46A7-AD60-89EE40F649C7}"
EndProject
Project("{FAE04EC0-301F-11D3-BF4B-00C04F79EFBC}") = "Company", "Company\Company.csproj", "{D97BCEEB-0622-47D9-94EF-231EA4418B8E}"
EndProject
Project("{FAE04EC0-301F-11D3-BF4B-00C04F79EFBC}") = "Goods", "Goods\Goods.csproj", "{0BE63863-72A3-4FED-8F58-58F3EAB037F8}"
EndProject
Project("{FAE04EC0-301F-11D3-BF4B-00C04F79EFBC}") = "CompanyTests", "CompanyTests\CompanyTests.csproj", "{0EA3E1A9-CF20-47F0-A181-E7B7D63A59BF}"
EndProject
Global
	GlobalSection(SolutionConfigurationPlatforms) = preSolution
		Debug|Any CPU = Debug|Any CPU
		Release|Any CPU = Release|Any CPU
	EndGlobalSection
	GlobalSection(ProjectConfigurationPlatforms) = postSolution
		{0E6CA086-54CE-46A7-AD60-89EE40F649C7}.Debug|Any CPU.ActiveCfg = Debug|Any CPU
		{0E6CA086-54CE-46A7-AD60-89EE40F649C7}.Debug|Any CPU.Build.0 = Debug|Any CPU
		{0E6CA086-54CE-46A7-AD60-89EE40F649C7}.Release|Any CPU.ActiveCfg = Release|Any CPU
		{0E6CA086-54CE-46A7-AD60-89EE40F649C7}.Release|Any CPU.Build.0 = Release|Any CPU
		{D97BCEEB-0622-47D9-94EF-231EA4418B8E}.Debug|Any CPU.ActiveCfg = Debug|Any CPU
		{D97BCEEB-0622-47D9-94EF-231EA4418B8E}.Debug|Any CPU.Build.0 = Debug|Any CPU
		{D97BCEEB-0622-47D9-94EF-231EA4418B8E}.Release|Any CPU.ActiveCfg = Release|Any CPU
		{D97BCEEB-0622-47D9-94EF-231EA4418B8E}.Release|Any CPU.Build.0 = Release|Any CPU
		{0BE63863-72A3-4FED-8F58-58F3EAB037F8}.Debug|Any CPU.ActiveCfg = Debug|Any CPU
		{0BE63863-72A3-4FED-8F58-58F3EAB037F8}.Debug|Any CPU.Build.0 = Debug|Any CPU
		{0BE63863-72A3-4FED-8F58-58F3EAB037F8}.Release|Any CPU.ActiveCfg = Release|Any CPU
		{0BE63863-72A3-4FED-8F58-58F3EAB037F8}.Release|Any CPU.Build.0 = Release|Any CPU
		{0EA3E1A9-CF20-47F0-A181-E7B7D63A59BF}.Debug|Any CPU.ActiveCfg = Debug|Any CPU
		{0EA3E1A9-CF20-47F0-A181-E7B7D63A59BF}.Debug|Any CPU.Build.0 = Debug|Any CPU
		{0EA3E1A9-CF20-47F0-A181-E7B7D63A59BF}.Release|Any CPU.ActiveCfg = Release|Any CPU
		{0EA3E1A9-CF20-47F0-A181-E7B7D63A59BF}.Release|Any CPU.Build.0 = Release|Any CPU
	EndGlobalSection
EndGlobal
