
Microsoft Visual Studio Solution File, Format Version 12.00
Project("{FAE04EC0-301F-11D3-BF4B-00C04F79EFBC}") = "Transport", "Transport\Transport.csproj", "{0E6CA086-54CE-46A7-AD60-89EE40F649C7}"
EndProject
Global
	GlobalSection(SolutionConfigurationPlatforms) = preSolution
		Debug|Any CPU = Debug|Any CPU
		Release|Any CPU = Release|Any CPU
	EndGlobalSection
	GlobalSection(ProjectConfigurationPlatforms) = postSolution
		{0E6CA086-54CE-46A7-AD60-89EE40F649C7}.Debug|Any CPU.ActiveCfg = Debug|Any CPU
		{0E6CA086-54CE-46A7-AD60-89EE40F649C7}.Debug|Any CPU.Build.0 = Debug|Any CPU
		{0E6CA086-54CE-46A7-AD60-89EE40F649C7}.Release|Any CPU.ActiveCfg = Release|Any CPU
		{0E6CA086-54CE-46A7-AD60-89EE40F649C7}.Release|Any CPU.Build.0 = Release|Any CPU
	EndGlobalSection
EndGlobal
